
Microsoft Visual Studio Solution File, Format Version 12.00
# Visual Studio Version 16
VisualStudioVersion = 16.0.30907.101
MinimumVisualStudioVersion = 10.0.40219.1
Project("{FAE04EC0-301F-11D3-BF4B-00C04F79EFBC}") = "AspLoginDemo1", "AspLoginDemo1.csproj", "{96608657-EB6C-4E38-B274-9C95D6985673}"
EndProject
Global
	GlobalSection(SolutionConfigurationPlatforms) = preSolution
		Debug|Any CPU = Debug|Any CPU
		Release|Any CPU = Release|Any CPU
	EndGlobalSection
	GlobalSection(ProjectConfigurationPlatforms) = postSolution
		{96608657-EB6C-4E38-B274-9C95D6985673}.Debug|Any CPU.ActiveCfg = Debug|Any CPU
		{96608657-EB6C-4E38-B274-9C95D6985673}.Debug|Any CPU.Build.0 = Debug|Any CPU
		{96608657-EB6C-4E38-B274-9C95D6985673}.Release|Any CPU.ActiveCfg = Release|Any CPU
		{96608657-EB6C-4E38-B274-9C95D6985673}.Release|Any CPU.Build.0 = Release|Any CPU
	EndGlobalSection
	GlobalSection(SolutionProperties) = preSolution
		HideSolutionNode = FALSE
	EndGlobalSection
	GlobalSection(ExtensibilityGlobals) = postSolution
		SolutionGuid = {D422C002-C02A-4F8B-AB0B-2169A132D739}
	EndGlobalSection
EndGlobal
